{
  "name": "Site meu!",
  "lockfileVersion": 3,
  "requires": true,
  "packages": {
    "": {
      "dependencies": {
        "gsap": "^3.14.2",
        "pix-payload": "^1.0.4",
        "three": "^0.183.1"
      }
    },
    "node_modules/gsap": {
      "version": "3.14.2",
      "resolved": "https://registry.npmjs.org/gsap/-/gsap-3.14.2.tgz",
      "integrity": "sha512-P8/mMxVLU7o4+55+1TCnQrPmgjPKnwkzkXOK1asnR9Jg2lna4tEY5qBJjMmAaOBDDZWtlRjBXjLa0w53G/uBLA==",
      "license": "Standard 'no charge' license: https://gsap.com/standard-license."
    },
    "node_modules/pix-payload": {
      "version": "1.0.4",
      "resolved": "https://registry.npmjs.org/pix-payload/-/pix-payload-1.0.4.tgz",
      "integrity": "sha512-nXaX7EDIO51QgrfNiST0MXJ9rqKF7Y9PFZYsjV8gi+wYk8bEYVlHgUJnkFAqX4c8qVEOac22SPE9a4v1ezOtTQ==",
      "license": "ISC"
    },
    "node_modules/three": {
      "version": "0.183.1",
      "resolved": "https://registry.npmjs.org/three/-/three-0.183.1.tgz",
      "integrity": "sha512-Psv6bbd3d/M/01MT2zZ+VmD0Vj2dbWTNhfe4CuSg7w5TuW96M3NOyCVuh9SZQ05CpGmD7NEcJhZw4GVjhCYxfQ==",
      "license": "MIT"
    }
  }
}
